<?xml version="1.0" encoding="utf-8"?>
<Project ToolsVersion="4.0" xmlns="http://schemas.microsoft.com/developer/msbuild/2003">
  <ItemGroup>
    <Filter Include="Source">
      <UniqueIdentifier>{635901d6-3090-4c2e-8f55-c53b6e20358e}</UniqueIdentifier>
    </Filter>
    <Filter Include="SDK">
      <UniqueIdentifier>{199dd1ed-a480-4adb-8d9b-456de24056d5}</UniqueIdentifier>
    </Filter>
  </ItemGroup>
  <ItemGroup>
    <ClCompile Include="Source\CCore.cpp">
      <Filter>Source</Filter>
    </ClCompile>
    <ClCompile Include="Source\CError.cpp">
      <Filter>Source</Filter>
    </ClCompile>
    <ClCompile Include="Source\CIRC.cpp">
      <Filter>Source</Filter>
    </ClCompile>
    <ClCompile Include="Source\CNatives.cpp">
      <Filter>Source</Filter>
    </ClCompile>
    <ClCompile Include="main.cpp" />
    <ClCompile Include="..\SDK\SDK.cpp">
      <Filter>SDK</Filter>
    </ClCompile>
  </ItemGroup>
  <ItemGroup>
    <ClInclude Include="Source\CCore.h">
      <Filter>Source</Filter>
    </ClInclude>
    <ClInclude Include="Source\CError.h">
      <Filter>Source</Filter>
    </ClInclude>
    <ClInclude Include="Source\CIRC.h">
      <Filter>Source</Filter>
    </ClInclude>
    <ClInclude Include="Source\CNatives.h">
      <Filter>Source</Filter>
    </ClInclude>
    <ClInclude Include="main.h" />
    <ClInclude Include="..\SDK\SDK.h">
      <Filter>SDK</Filter>
    </ClInclude>
    <ClInclude Include="..\SDK\Squirrel.h">
      <Filter>SDK</Filter>
    </ClInclude>
  </ItemGroup>
</Project>